
Microsoft Visual Studio Solution File, Format Version 12.00
# Visual Studio Version 16
VisualStudioVersion = 16.0.31321.278
MinimumVisualStudioVersion = 10.0.40219.1
Project("{9A19103F-16F7-4668-BE54-9A1E7A4F7556}") = "Template", "Template\Template.csproj", "{5F99116E-49CC-40F3-84A9-B2C127F1A6F9}"
EndProject
Project("{2150E333-8FDC-42A3-9474-1A3956D46DE8}") = "1-Web", "1-Web", "{1849E65C-FB2D-4038-A1D8-89C5C4AC348A}"
EndProject
Project("{2150E333-8FDC-42A3-9474-1A3956D46DE8}") = "2-Application", "2-Application", "{546B80A6-4521-4AEB-94D5-0E2639D88517}"
EndProject
Project("{2150E333-8FDC-42A3-9474-1A3956D46DE8}") = "3-Domain", "3-Domain", "{255A06A3-30FE-4272-B2D2-394A2318F150}"
EndProject
Project("{2150E333-8FDC-42A3-9474-1A3956D46DE8}") = "4-Infra", "4-Infra", "{F9BE6568-626D-4481-961F-FD1A92841364}"
EndProject
Project("{FAE04EC0-301F-11D3-BF4B-00C04F79EFBC}") = "Template.Application", "Template.Application\Template.Application.csproj", "{CC945634-2440-423B-9A46-02233AFF0197}"
EndProject
Project("{FAE04EC0-301F-11D3-BF4B-00C04F79EFBC}") = "Template.Domain", "Template.Domain\Template.Domain.csproj", "{45137849-93D3-4D12-A53B-B044A4537D74}"
EndProject
Project("{2150E333-8FDC-42A3-9474-1A3956D46DE8}") = "4.1-Data", "4.1-Data", "{880AC027-75A2-4BFD-BDD4-66C6A0A4BEEF}"
EndProject
Project("{2150E333-8FDC-42A3-9474-1A3956D46DE8}") = "4.2-CrossCutting", "4.2-CrossCutting", "{17FEBF31-A3BC-4FC0-9B66-8E51199ABE00}"
EndProject
Project("{FAE04EC0-301F-11D3-BF4B-00C04F79EFBC}") = "Template.Data", "Template.Data\Template.Data.csproj", "{A3464674-033A-4CE2-869B-1395AAE75D79}"
EndProject
Project("{FAE04EC0-301F-11D3-BF4B-00C04F79EFBC}") = "Template.IoC", "Template.IoC\Template.IoC.csproj", "{A2968B3A-2E6E-4D7A-93BD-AE544CABE84E}"
EndProject
Global
	GlobalSection(SolutionConfigurationPlatforms) = preSolution
		Debug|Any CPU = Debug|Any CPU
		Release|Any CPU = Release|Any CPU
	EndGlobalSection
	GlobalSection(ProjectConfigurationPlatforms) = postSolution
		{5F99116E-49CC-40F3-84A9-B2C127F1A6F9}.Debug|Any CPU.ActiveCfg = Debug|Any CPU
		{5F99116E-49CC-40F3-84A9-B2C127F1A6F9}.Debug|Any CPU.Build.0 = Debug|Any CPU
		{5F99116E-49CC-40F3-84A9-B2C127F1A6F9}.Release|Any CPU.ActiveCfg = Release|Any CPU
		{5F99116E-49CC-40F3-84A9-B2C127F1A6F9}.Release|Any CPU.Build.0 = Release|Any CPU
		{CC945634-2440-423B-9A46-02233AFF0197}.Debug|Any CPU.ActiveCfg = Debug|Any CPU
		{CC945634-2440-423B-9A46-02233AFF0197}.Debug|Any CPU.Build.0 = Debug|Any CPU
		{CC945634-2440-423B-9A46-02233AFF0197}.Release|Any CPU.ActiveCfg = Release|Any CPU
		{CC945634-2440-423B-9A46-02233AFF0197}.Release|Any CPU.Build.0 = Release|Any CPU
		{45137849-93D3-4D12-A53B-B044A4537D74}.Debug|Any CPU.ActiveCfg = Debug|Any CPU
		{45137849-93D3-4D12-A53B-B044A4537D74}.Debug|Any CPU.Build.0 = Debug|Any CPU
		{45137849-93D3-4D12-A53B-B044A4537D74}.Release|Any CPU.ActiveCfg = Release|Any CPU
		{45137849-93D3-4D12-A53B-B044A4537D74}.Release|Any CPU.Build.0 = Release|Any CPU
		{A3464674-033A-4CE2-869B-1395AAE75D79}.Debug|Any CPU.ActiveCfg = Debug|Any CPU
		{A3464674-033A-4CE2-869B-1395AAE75D79}.Debug|Any CPU.Build.0 = Debug|Any CPU
		{A3464674-033A-4CE2-869B-1395AAE75D79}.Release|Any CPU.ActiveCfg = Release|Any CPU
		{A3464674-033A-4CE2-869B-1395AAE75D79}.Release|Any CPU.Build.0 = Release|Any CPU
		{A2968B3A-2E6E-4D7A-93BD-AE544CABE84E}.Debug|Any CPU.ActiveCfg = Debug|Any CPU
		{A2968B3A-2E6E-4D7A-93BD-AE544CABE84E}.Debug|Any CPU.Build.0 = Debug|Any CPU
		{A2968B3A-2E6E-4D7A-93BD-AE544CABE84E}.Release|Any CPU.ActiveCfg = Release|Any CPU
		{A2968B3A-2E6E-4D7A-93BD-AE544CABE84E}.Release|Any CPU.Build.0 = Release|Any CPU
	EndGlobalSection
	GlobalSection(SolutionProperties) = preSolution
		HideSolutionNode = FALSE
	EndGlobalSection
	GlobalSection(NestedProjects) = preSolution
		{5F99116E-49CC-40F3-84A9-B2C127F1A6F9} = {1849E65C-FB2D-4038-A1D8-89C5C4AC348A}
		{CC945634-2440-423B-9A46-02233AFF0197} = {546B80A6-4521-4AEB-94D5-0E2639D88517}
		{45137849-93D3-4D12-A53B-B044A4537D74} = {255A06A3-30FE-4272-B2D2-394A2318F150}
		{880AC027-75A2-4BFD-BDD4-66C6A0A4BEEF} = {F9BE6568-626D-4481-961F-FD1A92841364}
		{17FEBF31-A3BC-4FC0-9B66-8E51199ABE00} = {F9BE6568-626D-4481-961F-FD1A92841364}
		{A3464674-033A-4CE2-869B-1395AAE75D79} = {880AC027-75A2-4BFD-BDD4-66C6A0A4BEEF}
		{A2968B3A-2E6E-4D7A-93BD-AE544CABE84E} = {17FEBF31-A3BC-4FC0-9B66-8E51199ABE00}
	EndGlobalSection
	GlobalSection(ExtensibilityGlobals) = postSolution
		SolutionGuid = {4202529B-0D49-46B1-B073-EA3F015194BC}
	EndGlobalSection
EndGlobal
