
Microsoft Visual Studio Solution File, Format Version 12.00
# Visual Studio Version 16
VisualStudioVersion = 16.0.31321.278
MinimumVisualStudioVersion = 10.0.40219.1
Project("{FAE04EC0-301F-11D3-BF4B-00C04F79EFBC}") = "Template", "Template\Template.csproj", "{5F99116E-49CC-40F3-84A9-B2C127F1A6F9}"
EndProject
Global
	GlobalSection(SolutionConfigurationPlatforms) = preSolution
		Debug|Any CPU = Debug|Any CPU
		Release|Any CPU = Release|Any CPU
	EndGlobalSection
	GlobalSection(ProjectConfigurationPlatforms) = postSolution
		{5F99116E-49CC-40F3-84A9-B2C127F1A6F9}.Debug|Any CPU.ActiveCfg = Debug|Any CPU
		{5F99116E-49CC-40F3-84A9-B2C127F1A6F9}.Debug|Any CPU.Build.0 = Debug|Any CPU
		{5F99116E-49CC-40F3-84A9-B2C127F1A6F9}.Release|Any CPU.ActiveCfg = Release|Any CPU
		{5F99116E-49CC-40F3-84A9-B2C127F1A6F9}.Release|Any CPU.Build.0 = Release|Any CPU
	EndGlobalSection
	GlobalSection(SolutionProperties) = preSolution
		HideSolutionNode = FALSE
	EndGlobalSection
	GlobalSection(ExtensibilityGlobals) = postSolution
		SolutionGuid = {4202529B-0D49-46B1-B073-EA3F015194BC}
	EndGlobalSection
EndGlobal
